
Microsoft Visual Studio Solution File, Format Version 12.00
# Visual Studio Version 17
VisualStudioVersion = 17.0.31808.319
MinimumVisualStudioVersion = 10.0.40219.1
Project("{FAE04EC0-301F-11D3-BF4B-00C04F79EFBC}") = "MultilingualApp", "MultilingualApp.csproj", "{657701DF-8819-485D-BE2F-1AC6FBBEC4FC}"
EndProject
Global
	GlobalSection(SolutionConfigurationPlatforms) = preSolution
		Debug|Any CPU = Debug|Any CPU
		Release|Any CPU = Release|Any CPU
	EndGlobalSection
	GlobalSection(ProjectConfigurationPlatforms) = postSolution
		{657701DF-8819-485D-BE2F-1AC6FBBEC4FC}.Debug|Any CPU.ActiveCfg = Debug|Any CPU
		{657701DF-8819-485D-BE2F-1AC6FBBEC4FC}.Debug|Any CPU.Build.0 = Debug|Any CPU
		{657701DF-8819-485D-BE2F-1AC6FBBEC4FC}.Release|Any CPU.ActiveCfg = Release|Any CPU
		{657701DF-8819-485D-BE2F-1AC6FBBEC4FC}.Release|Any CPU.Build.0 = Release|Any CPU
	EndGlobalSection
	GlobalSection(SolutionProperties) = preSolution
		HideSolutionNode = FALSE
	EndGlobalSection
	GlobalSection(ExtensibilityGlobals) = postSolution
		SolutionGuid = {431E8E30-2FF4-45DD-848E-9477A3BBD466}
	EndGlobalSection
EndGlobal
